<?xml version="1.0" encoding="utf-8"?>
<Project ToolsVersion="4.0" xmlns="http://schemas.microsoft.com/developer/msbuild/2003">
  <ItemGroup>
    <Filter Include="Headers">
      <UniqueIdentifier>{93995380-89BD-4b04-88EB-625FBE52EBFB}</UniqueIdentifier>
      <Extensions>h;hpp;hxx;hm;inl;inc;xsd</Extensions>
    </Filter>
    <Filter Include="Modules">
      <UniqueIdentifier>{4FC737F1-C7A5-4376-A066-2A32D752A2FF}</UniqueIdentifier>
      <Extensions>cpp;c;cc;cxx;def;odl;idl;hpj;bat;asm;asmx</Extensions>
    </Filter>
    <Filter Include="Resources">
      <UniqueIdentifier>{67DA6AB6-F800-4c08-8B7A-83BB121AAD01}</UniqueIdentifier>
      <Extensions>rc;ico;cur;bmp;dlg;rc2;rct;bin;rgs;gif;jpg;jpeg;jpe;resx;tiff;tif;png;wav</Extensions>
    </Filter>
  </ItemGroup>
  <ItemGroup>
    <ClCompile Include="GUI.cpp">
      <Filter>Modules</Filter>
    </ClCompile>
    <ClCompile Include="pch.cpp">
      <Filter>Modules</Filter>
    </ClCompile>
    <ClCompile Include="issue_manager.cpp">
      <Filter>Modules</Filter>
    </ClCompile>
    <ClCompile Include="lexer.cpp">
      <Filter>Modules</Filter>
    </ClCompile>
    <ClCompile Include="parser.cpp">
      <Filter>Modules</Filter>
    </ClCompile>
    <ClCompile Include="formatter.cpp">
      <Filter>Modules</Filter>
    </ClCompile>
    <ClCompile Include="identifiers.cpp">
      <Filter>Modules</Filter>
    </ClCompile>
    <ClCompile Include="tests.cpp">
      <Filter>Modules</Filter>
    </ClCompile>
  </ItemGroup>
  <ItemGroup>
    <ClInclude Include="flags.h">
      <Filter>Headers</Filter>
    </ClInclude>
    <ClInclude Include="Resource.h">
      <Filter>Headers</Filter>
    </ClInclude>
    <ClInclude Include="pch.h">
      <Filter>Headers</Filter>
    </ClInclude>
    <ClInclude Include="targetver.h">
      <Filter>Headers</Filter>
    </ClInclude>
    <ClInclude Include="tests.h">
      <Filter>Headers</Filter>
    </ClInclude>
    <ClInclude Include="issue_manager.h">
      <Filter>Headers</Filter>
    </ClInclude>
    <ClInclude Include="lexer.h">
      <Filter>Headers</Filter>
    </ClInclude>
    <ClInclude Include="parser.h">
      <Filter>Headers</Filter>
    </ClInclude>
    <ClInclude Include="formatter.h">
      <Filter>Headers</Filter>
    </ClInclude>
    <ClInclude Include="identifiers.h">
      <Filter>Headers</Filter>
    </ClInclude>
    <ClInclude Include="GUI.h">
      <Filter>Headers</Filter>
    </ClInclude>
    <ClInclude Include="token.h">
      <Filter>Headers</Filter>
    </ClInclude>
    <ClInclude Include="framework.h">
      <Filter>Headers</Filter>
    </ClInclude>
  </ItemGroup>
  <ItemGroup>
    <None Include="res\C.ico">
      <Filter>Resources</Filter>
    </None>
    <None Include="res\Calc.rc2">
      <Filter>Resources</Filter>
    </None>
    <None Include="..\vcpkg.json" />
  </ItemGroup>
  <ItemGroup>
    <ResourceCompile Include="Calc.rc">
      <Filter>Resources</Filter>
    </ResourceCompile>
  </ItemGroup>
</Project>